
Microsoft Visual Studio Solution File, Format Version 12.00
# Visual Studio Version 17
VisualStudioVersion = 17.6.33723.286
MinimumVisualStudioVersion = 10.0.40219.1
Project("{FAE04EC0-301F-11D3-BF4B-00C04F79EFBC}") = "ClassManagement.Api", "ClassManagementApi\ClassManagement.Api.csproj", "{5E45D416-3582-4FD1-AD2D-EFB473148CB5}"
EndProject
Project("{FAE04EC0-301F-11D3-BF4B-00C04F79EFBC}") = "ClassManagement.Tests", "ClassManagement.Tests\ClassManagement.Tests.csproj", "{4735D1FF-477C-410D-8ACE-7D102FD58115}"
EndProject
Project("{FAE04EC0-301F-11D3-BF4B-00C04F79EFBC}") = "Classmanagement.Repository", "Classmanagement.Repository\Classmanagement.Repository.csproj", "{982853B4-098A-4079-A16C-C208118DBB5B}"
EndProject
Project("{FAE04EC0-301F-11D3-BF4B-00C04F79EFBC}") = "ClassManagement.Data", "ClassManagement.Data\ClassManagement.Data.csproj", "{F6EF1D66-2B12-40A3-92E2-72858614D1BB}"
EndProject
Project("{FAE04EC0-301F-11D3-BF4B-00C04F79EFBC}") = "ClassManagement.Domain", "ClassManagement.Domain\ClassManagement.Domain.csproj", "{777AD2E6-F334-40B1-86EE-2F8F76D7F379}"
EndProject
Global
	GlobalSection(SolutionConfigurationPlatforms) = preSolution
		Debug|Any CPU = Debug|Any CPU
		Release|Any CPU = Release|Any CPU
	EndGlobalSection
	GlobalSection(ProjectConfigurationPlatforms) = postSolution
		{5E45D416-3582-4FD1-AD2D-EFB473148CB5}.Debug|Any CPU.ActiveCfg = Debug|Any CPU
		{5E45D416-3582-4FD1-AD2D-EFB473148CB5}.Debug|Any CPU.Build.0 = Debug|Any CPU
		{5E45D416-3582-4FD1-AD2D-EFB473148CB5}.Release|Any CPU.ActiveCfg = Release|Any CPU
		{5E45D416-3582-4FD1-AD2D-EFB473148CB5}.Release|Any CPU.Build.0 = Release|Any CPU
		{4735D1FF-477C-410D-8ACE-7D102FD58115}.Debug|Any CPU.ActiveCfg = Debug|Any CPU
		{4735D1FF-477C-410D-8ACE-7D102FD58115}.Debug|Any CPU.Build.0 = Debug|Any CPU
		{4735D1FF-477C-410D-8ACE-7D102FD58115}.Release|Any CPU.ActiveCfg = Release|Any CPU
		{4735D1FF-477C-410D-8ACE-7D102FD58115}.Release|Any CPU.Build.0 = Release|Any CPU
		{982853B4-098A-4079-A16C-C208118DBB5B}.Debug|Any CPU.ActiveCfg = Debug|Any CPU
		{982853B4-098A-4079-A16C-C208118DBB5B}.Debug|Any CPU.Build.0 = Debug|Any CPU
		{982853B4-098A-4079-A16C-C208118DBB5B}.Release|Any CPU.ActiveCfg = Release|Any CPU
		{982853B4-098A-4079-A16C-C208118DBB5B}.Release|Any CPU.Build.0 = Release|Any CPU
		{F6EF1D66-2B12-40A3-92E2-72858614D1BB}.Debug|Any CPU.ActiveCfg = Debug|Any CPU
		{F6EF1D66-2B12-40A3-92E2-72858614D1BB}.Debug|Any CPU.Build.0 = Debug|Any CPU
		{F6EF1D66-2B12-40A3-92E2-72858614D1BB}.Release|Any CPU.ActiveCfg = Release|Any CPU
		{F6EF1D66-2B12-40A3-92E2-72858614D1BB}.Release|Any CPU.Build.0 = Release|Any CPU
		{777AD2E6-F334-40B1-86EE-2F8F76D7F379}.Debug|Any CPU.ActiveCfg = Debug|Any CPU
		{777AD2E6-F334-40B1-86EE-2F8F76D7F379}.Debug|Any CPU.Build.0 = Debug|Any CPU
		{777AD2E6-F334-40B1-86EE-2F8F76D7F379}.Release|Any CPU.ActiveCfg = Release|Any CPU
		{777AD2E6-F334-40B1-86EE-2F8F76D7F379}.Release|Any CPU.Build.0 = Release|Any CPU
	EndGlobalSection
	GlobalSection(SolutionProperties) = preSolution
		HideSolutionNode = FALSE
	EndGlobalSection
	GlobalSection(ExtensibilityGlobals) = postSolution
		SolutionGuid = {7F505D07-1851-4402-9FA8-590EFE2E848F}
	EndGlobalSection
EndGlobal
